
Microsoft Visual Studio Solution File, Format Version 12.00
Project("{FAE04EC0-301F-11D3-BF4B-00C04F79EFBC}") = "JurTranspiler", "JurTranspiler\JurTranspiler.csproj", "{1655C687-F9A4-42CE-9802-163AE154E988}"
EndProject
Project("{FAE04EC0-301F-11D3-BF4B-00C04F79EFBC}") = "JurTests", "JurTests\JurTests.csproj", "{69CFF9E2-CD84-4519-96D4-0A3E2A72B751}"
EndProject
Project("{FAE04EC0-301F-11D3-BF4B-00C04F79EFBC}") = "UtilityLibrary", "UtilityLibrary\UtilityLibrary.csproj", "{9ACCAE76-AC0F-4F33-AA09-D067E5BFC623}"
EndProject
Global
	GlobalSection(SolutionConfigurationPlatforms) = preSolution
		Debug|Any CPU = Debug|Any CPU
		Release|Any CPU = Release|Any CPU
	EndGlobalSection
	GlobalSection(ProjectConfigurationPlatforms) = postSolution
		{1655C687-F9A4-42CE-9802-163AE154E988}.Debug|Any CPU.ActiveCfg = Debug|Any CPU
		{1655C687-F9A4-42CE-9802-163AE154E988}.Debug|Any CPU.Build.0 = Debug|Any CPU
		{1655C687-F9A4-42CE-9802-163AE154E988}.Release|Any CPU.ActiveCfg = Release|Any CPU
		{1655C687-F9A4-42CE-9802-163AE154E988}.Release|Any CPU.Build.0 = Release|Any CPU
		{69CFF9E2-CD84-4519-96D4-0A3E2A72B751}.Debug|Any CPU.ActiveCfg = Debug|Any CPU
		{69CFF9E2-CD84-4519-96D4-0A3E2A72B751}.Debug|Any CPU.Build.0 = Debug|Any CPU
		{69CFF9E2-CD84-4519-96D4-0A3E2A72B751}.Release|Any CPU.ActiveCfg = Release|Any CPU
		{69CFF9E2-CD84-4519-96D4-0A3E2A72B751}.Release|Any CPU.Build.0 = Release|Any CPU
		{9ACCAE76-AC0F-4F33-AA09-D067E5BFC623}.Debug|Any CPU.ActiveCfg = Debug|Any CPU
		{9ACCAE76-AC0F-4F33-AA09-D067E5BFC623}.Debug|Any CPU.Build.0 = Debug|Any CPU
		{9ACCAE76-AC0F-4F33-AA09-D067E5BFC623}.Release|Any CPU.ActiveCfg = Release|Any CPU
		{9ACCAE76-AC0F-4F33-AA09-D067E5BFC623}.Release|Any CPU.Build.0 = Release|Any CPU
	EndGlobalSection
EndGlobal
